{
  "version": "5",
  "redirects": {
    "https://esm.sh/@supabase/supabase-js@2": "https://esm.sh/@supabase/supabase-js@2.112.3"
  },
  "remote": {
    "https://esm.sh/@supabase/supabase-js@2.112.3": "f6b9130984301066587e8917dfab3b3d60be47dc966bd3d04c733bc9423c1cf9"
  },
  "workspace": {
    "packageJson": {
      "dependencies": [
        "npm:@expo/metro-runtime@~6.1.2",
        "npm:@react-native-async-storage/async-storage@2.2.0",
        "npm:@react-native-community/datetimepicker@^8.4.5",
        "npm:@react-navigation/bottom-tabs@^7.3.10",
        "npm:@react-navigation/native-stack@^7.3.10",
        "npm:@react-navigation/native@^7.1.6",
        "npm:@supabase/supabase-js@^2.49.4",
        "npm:@types/aes-js@^3.1.4",
        "npm:@types/react@19.1",
        "npm:aes-js@^3.1.2",
        "npm:babel-plugin-module-resolver@^5.0.2",
        "npm:babel-preset-expo@54.0",
        "npm:expo-auth-session@~7.0.11",
        "npm:expo-clipboard@~8.0.7",
        "npm:expo-constants@~18.0.9",
        "npm:expo-crypto@~15.0.9",
        "npm:expo-file-system@~19.0.14",
        "npm:expo-image-picker@~17.0.8",
        "npm:expo-notifications@~0.32.11",
        "npm:expo-print@~15.0.7",
        "npm:expo-secure-store@~15.0.8",
        "npm:expo-sharing@~14.0.7",
        "npm:expo-status-bar@~3.0.8",
        "npm:expo-web-browser@~15.0.11",
        "npm:expo@54.0",
        "npm:react-dom@19.1.0",
        "npm:react-native-purchases@^10.4.3",
        "npm:react-native-safe-area-context@5.6",
        "npm:react-native-screens@4.16",
        "npm:react-native-svg@15.12.1",
        "npm:react-native-web@0.21",
        "npm:react-native@0.81.4",
        "npm:react@19.1.0",
        "npm:tsx@^4.23.0",
        "npm:typescript@~5.9.2"
      ]
    }
  }
}
